{
    "_readme": [
        "This file locks the dependencies of your project to a known state",
        "Read more about it at https://getcomposer.org/doc/01-basic-usage.md#composer-lock-the-lock-file",
        "This file is @generated automatically"
    ],
    "hash": "373523ed29004e11147db1e74bb6a1f9",
    "content-hash": "84c6e1366d0e52367c5aa772f6126a34",
    "packages": [
        {
            "name": "composer/installers",
            "version": "v1.1.0",
            "source": {
                "type": "git",
                "url": "https://github.com/composer/installers.git",
                "reference": "a3595c5272a6f247228abb20076ed27321e4aae9"
            },
            "dist": {
                "type": "zip",
                "url": "https://api.github.com/repos/composer/installers/zipball/a3595c5272a6f247228abb20076ed27321e4aae9",
                "reference": "a3595c5272a6f247228abb20076ed27321e4aae9",
                "shasum": ""
            },
            "require": {
                "composer-plugin-api": "^1.0"
            },
            "replace": {
                "roundcube/plugin-installer": "*",
                "shama/baton": "*"
            },
            "require-dev": {
                "composer/composer": "1.0.*@dev",
                "phpunit/phpunit": "4.1.*"
            },
            "type": "composer-plugin",
            "extra": {
                "class": "Composer\\Installers\\Plugin",
                "branch-alias": {
                    "dev-master": "1.0-dev"
                }
            },
            "autoload": {
                "psr-4": {
                    "Composer\\Installers\\": "src/Composer/Installers"
                }
            },
            "notification-url": "https://packagist.org/downloads/",
            "license": [
                "MIT"
            ],
            "authors": [
                {
                    "name": "Kyle Robinson Young",
                    "email": "kyle@dontkry.com",
                    "homepage": "https://github.com/shama"
                }
            ],
            "description": "A multi-framework Composer library installer",
            "homepage": "https://composer.github.io/installers/",
            "keywords": [
                "Craft",
                "Dolibarr",
                "Hurad",
                "ImageCMS",
                "MODX Evo",
                "Mautic",
                "OXID",
                "RadPHP",
                "SMF",
                "Thelia",
                "WolfCMS",
                "agl",
                "aimeos",
                "annotatecms",
                "bitrix",
                "cakephp",
                "chef",
                "codeigniter",
                "concrete5",
                "croogo",
                "dokuwiki",
                "drupal",
                "elgg",
                "expressionengine",
                "fuelphp",
                "grav",
                "installer",
                "joomla",
                "kohana",
                "laravel",
                "lithium",
                "magento",
                "mako",
                "mediawiki",
                "modulework",
                "moodle",
                "phpbb",
                "piwik",
                "ppi",
                "puppet",
                "roundcube",
                "shopware",
                "silverstripe",
                "symfony",
                "typo3",
                "wordpress",
                "zend",
                "zikula"
            ],
            "time": "2016-07-05 06:18:20"
        },
        {
            "name": "nickvergessen/phpbb-tool-trimmessage",
            "version": "1.3.1",
            "source": {
                "type": "git",
                "url": "https://github.com/nickv-phpbb/phpbb-tool-trimmessage.git",
                "reference": "0ed883bc2d473ec2e84cabb9c9395785daeeebcf"
            },
            "dist": {
                "type": "zip",
                "url": "https://api.github.com/repos/nickv-phpbb/phpbb-tool-trimmessage/zipball/0ed883bc2d473ec2e84cabb9c9395785daeeebcf",
                "reference": "0ed883bc2d473ec2e84cabb9c9395785daeeebcf",
                "shasum": ""
            },
            "require": {
                "php": ">=5.3.3"
            },
            "require-dev": {
                "phpunit/phpunit": "4.1.*"
            },
            "type": "library",
            "autoload": {
                "classmap": [
                    "src/"
                ]
            },
            "notification-url": "https://packagist.org/downloads/",
            "license": [
                "GPL-2.0"
            ],
            "authors": [
                {
                    "name": "Joas Schilling",
                    "email": "nickvergessen@gmx.de",
                    "homepage": "https://github.com/nickvergessen",
                    "role": "Developer"
                }
            ],
            "description": "This tool contains a class, that is able to trim a message from the phpbb message_parser to a maximum length without breaking the bbcodes/smilies and links.",
            "homepage": "https://github.com/nickvergessen/phpbb-tool-trimmessage",
            "time": "2015-04-17 16:41:50"
        }
    ],
    "packages-dev": [],
    "aliases": [],
    "minimum-stability": "stable",
    "stability-flags": [],
    "prefer-stable": false,
    "prefer-lowest": false,
    "platform": {
        "php": ">=5.4,<7.1"
    },
    "platform-dev": []
}
